
Microsoft Visual Studio Solution File, Format Version 12.00
Project("{FAE04EC0-301F-11D3-BF4B-00C04F79EFBC}") = "PolySoundex", "src\PolySoundex\PolySoundex.csproj", "{BF1AB029-EBE8-4763-9657-B696CC103289}"
EndProject
Project("{FAE04EC0-301F-11D3-BF4B-00C04F79EFBC}") = "PolySoundex.Tests", "src\PolySoundex.Tests\PolySoundex.Tests.csproj", "{8475D00A-5C1A-4DFD-8912-CC989B997122}"
EndProject
Global
	GlobalSection(SolutionConfigurationPlatforms) = preSolution
		Debug|Any CPU = Debug|Any CPU
		Release|Any CPU = Release|Any CPU
	EndGlobalSection
	GlobalSection(ProjectConfigurationPlatforms) = postSolution
		{BF1AB029-EBE8-4763-9657-B696CC103289}.Debug|Any CPU.ActiveCfg = Debug|Any CPU
		{BF1AB029-EBE8-4763-9657-B696CC103289}.Debug|Any CPU.Build.0 = Debug|Any CPU
		{BF1AB029-EBE8-4763-9657-B696CC103289}.Release|Any CPU.ActiveCfg = Release|Any CPU
		{BF1AB029-EBE8-4763-9657-B696CC103289}.Release|Any CPU.Build.0 = Release|Any CPU
		{8475D00A-5C1A-4DFD-8912-CC989B997122}.Debug|Any CPU.ActiveCfg = Debug|Any CPU
		{8475D00A-5C1A-4DFD-8912-CC989B997122}.Debug|Any CPU.Build.0 = Debug|Any CPU
		{8475D00A-5C1A-4DFD-8912-CC989B997122}.Release|Any CPU.ActiveCfg = Release|Any CPU
		{8475D00A-5C1A-4DFD-8912-CC989B997122}.Release|Any CPU.Build.0 = Release|Any CPU
	EndGlobalSection
EndGlobal
